
Microsoft Visual Studio Solution File, Format Version 12.00
# Visual Studio Version 17
VisualStudioVersion = 17.8.34330.188
MinimumVisualStudioVersion = 10.0.40219.1
Project("{FAE04EC0-301F-11D3-BF4B-00C04F79EFBC}") = "WebApi", "WebApi.csproj", "{28C22C57-B583-4ABD-AA56-1AA7D284233A}"
EndProject
Global
	GlobalSection(SolutionConfigurationPlatforms) = preSolution
		Debug|Any CPU = Debug|Any CPU
		Release|Any CPU = Release|Any CPU
	EndGlobalSection
	GlobalSection(ProjectConfigurationPlatforms) = postSolution
		{28C22C57-B583-4ABD-AA56-1AA7D284233A}.Debug|Any CPU.ActiveCfg = Debug|Any CPU
		{28C22C57-B583-4ABD-AA56-1AA7D284233A}.Debug|Any CPU.Build.0 = Debug|Any CPU
		{28C22C57-B583-4ABD-AA56-1AA7D284233A}.Release|Any CPU.ActiveCfg = Release|Any CPU
		{28C22C57-B583-4ABD-AA56-1AA7D284233A}.Release|Any CPU.Build.0 = Release|Any CPU
	EndGlobalSection
	GlobalSection(SolutionProperties) = preSolution
		HideSolutionNode = FALSE
	EndGlobalSection
	GlobalSection(ExtensibilityGlobals) = postSolution
		SolutionGuid = {A029EB55-5290-4372-9ECB-DB73362913D8}
	EndGlobalSection
EndGlobal
